
Microsoft Visual Studio Solution File, Format Version 12.00
# Visual Studio Version 16
VisualStudioVersion = 16.0.32413.511
MinimumVisualStudioVersion = 10.0.40219.1
Project("{FAE04EC0-301F-11D3-BF4B-00C04F79EFBC}") = "JokesWebApp", "JokesWebApp\JokesWebApp.csproj", "{5789B5DD-6E6F-48E4-A1E5-678F67546EC1}"
EndProject
Global
	GlobalSection(SolutionConfigurationPlatforms) = preSolution
		Debug|Any CPU = Debug|Any CPU
		Release|Any CPU = Release|Any CPU
	EndGlobalSection
	GlobalSection(ProjectConfigurationPlatforms) = postSolution
		{5789B5DD-6E6F-48E4-A1E5-678F67546EC1}.Debug|Any CPU.ActiveCfg = Debug|Any CPU
		{5789B5DD-6E6F-48E4-A1E5-678F67546EC1}.Debug|Any CPU.Build.0 = Debug|Any CPU
		{5789B5DD-6E6F-48E4-A1E5-678F67546EC1}.Release|Any CPU.ActiveCfg = Release|Any CPU
		{5789B5DD-6E6F-48E4-A1E5-678F67546EC1}.Release|Any CPU.Build.0 = Release|Any CPU
	EndGlobalSection
	GlobalSection(SolutionProperties) = preSolution
		HideSolutionNode = FALSE
	EndGlobalSection
	GlobalSection(ExtensibilityGlobals) = postSolution
		SolutionGuid = {91236C57-6EBA-4140-97D0-1BD1C3266061}
	EndGlobalSection
EndGlobal
